{
  "version": 4,
  "terraform_version": "1.15.5",
  "serial": 4,
  "lineage": "73b87ae6-c7ed-c955-1be8-30c0dba3e91e",
  "outputs": {
    "web_app_name": {
      "value": "hdfc-web-app2002",
      "type": "string"
    },
    "webapp_default_hostname": {
      "value": "hdfc-web-app2002.azurewebsites.net",
      "type": "string"
    }
  },
  "resources": [
    {
      "mode": "managed",
      "type": "azurerm_resource_group",
      "name": "rg",
      "provider": "provider[\"registry.terraform.io/hashicorp/azurerm\"]",
      "instances": [
        {
          "schema_version": 0,
          "attributes": {
            "id": "/subscriptions/134f5448-f369-4616-964a-f4e97549ea6d/resourceGroups/hdfc-resource-group",
            "location": "canadacentral",
            "managed_by": "",
            "name": "hdfc-resource-group",
            "tags": {},
            "timeouts": null
          },
          "sensitive_attributes": [],
          "identity_schema_version": 0,
          "identity": {
            "name": "hdfc-resource-group",
            "subscription_id": "134f5448-f369-4616-964a-f4e97549ea6d"
          },
          "private": "eyJlMmJmYjczMC1lY2FhLTExZTYtOGY4OC0zNDM2M2JjN2M0YzAiOnsiY3JlYXRlIjo1NDAwMDAwMDAwMDAwLCJkZWxldGUiOjU0MDAwMDAwMDAwMDAsInJlYWQiOjMwMDAwMDAwMDAwMCwidXBkYXRlIjo1NDAwMDAwMDAwMDAwfSwic2NoZW1hX3ZlcnNpb24iOiIwIn0="
        }
      ]
    },
    {
      "mode": "managed",
      "type": "azurerm_service_plan",
      "name": "app_service",
      "provider": "provider[\"registry.terraform.io/hashicorp/azurerm\"]",
      "instances": [
        {
          "schema_version": 1,
          "attributes": {
            "app_service_environment_id": "",
            "id": "/subscriptions/134f5448-f369-4616-964a-f4e97549ea6d/resourceGroups/hdfc-resource-group/providers/Microsoft.Web/serverFarms/hdfc-app-service-plan",
            "kind": "app",
            "location": "canadacentral",
            "maximum_elastic_worker_count": 1,
            "name": "hdfc-app-service-plan",
            "os_type": "Windows",
            "per_site_scaling_enabled": false,
            "premium_plan_auto_scale_enabled": false,
            "reserved": false,
            "resource_group_name": "hdfc-resource-group",
            "sku_name": "B1",
            "tags": null,
            "timeouts": null,
            "worker_count": 1,
            "zone_balancing_enabled": false
          },
          "sensitive_attributes": [],
          "identity_schema_version": 0,
          "identity": {
            "name": "hdfc-app-service-plan",
            "resource_group_name": "hdfc-resource-group",
            "subscription_id": "134f5448-f369-4616-964a-f4e97549ea6d"
          },
          "private": "eyJlMmJmYjczMC1lY2FhLTExZTYtOGY4OC0zNDM2M2JjN2M0YzAiOnsiY3JlYXRlIjozNjAwMDAwMDAwMDAwLCJkZWxldGUiOjM2MDAwMDAwMDAwMDAsInJlYWQiOjMwMDAwMDAwMDAwMCwidXBkYXRlIjozNjAwMDAwMDAwMDAwfSwic2NoZW1hX3ZlcnNpb24iOiIxIn0=",
          "dependencies": [
            "azurerm_resource_group.rg"
          ]
        }
      ]
    },
    {
      "mode": "managed",
      "type": "azurerm_windows_web_app",
      "name": "web_app",
      "provider": "provider[\"registry.terraform.io/hashicorp/azurerm\"]",
      "instances": [
        {
          "schema_version": 1,
          "attributes": {
            "app_settings": null,
            "auth_settings": [
              {
                "active_directory": [],
                "additional_login_parameters": {},
                "allowed_external_redirect_urls": [],
                "default_provider": "",
                "enabled": false,
                "facebook": [],
                "github": [],
                "google": [],
                "issuer": "",
                "microsoft": [],
                "runtime_version": "",
                "token_refresh_extension_hours": 0,
                "token_store_enabled": false,
                "twitter": [],
                "unauthenticated_client_action": ""
              }
            ],
            "auth_settings_v2": [],
            "backup": [],
            "client_affinity_enabled": false,
            "client_certificate_enabled": false,
            "client_certificate_exclusion_paths": "",
            "client_certificate_mode": "Required",
            "connection_string": [],
            "custom_domain_verification_id": "C16527CB96D7E91291C221038EBCED11C6A35812CD75813C0359760F855FDCC5",
            "default_hostname": "hdfc-web-app2002.azurewebsites.net",
            "enabled": true,
            "ftp_publish_basic_authentication_enabled": true,
            "hosting_environment_id": "",
            "https_only": false,
            "id": "/subscriptions/134f5448-f369-4616-964a-f4e97549ea6d/resourceGroups/hdfc-resource-group/providers/Microsoft.Web/sites/hdfc-web-app2002",
            "identity": [],
            "key_vault_reference_identity_id": "SystemAssigned",
            "kind": "app",
            "location": "canadacentral",
            "logs": [],
            "name": "hdfc-web-app2002",
            "outbound_ip_address_list": [
              "52.228.37.198",
              "52.228.33.208",
              "52.228.33.250",
              "52.228.37.25",
              "20.116.42.1",
              "52.228.42.76"
            ],
            "outbound_ip_addresses": "52.228.37.198,52.228.33.208,52.228.33.250,52.228.37.25,20.116.42.1,52.228.42.76",
            "possible_outbound_ip_address_list": [
              "52.228.37.198",
              "52.228.33.208",
              "52.228.33.250",
              "52.228.37.25",
              "4.174.248.138",
              "52.233.21.80",
              "52.233.21.104",
              "52.228.23.141",
              "52.233.21.88",
              "52.233.21.175",
              "20.175.230.31",
              "20.175.230.70",
              "20.175.230.87",
              "20.175.230.107",
              "20.175.230.254",
              "20.175.231.12",
              "20.175.139.87",
              "20.175.140.7",
              "20.175.141.20",
              "20.175.143.147",
              "20.175.143.188",
              "20.175.143.207",
              "20.116.42.1",
              "52.228.42.76"
            ],
            "possible_outbound_ip_addresses": "52.228.37.198,52.228.33.208,52.228.33.250,52.228.37.25,4.174.248.138,52.233.21.80,52.233.21.104,52.228.23.141,52.233.21.88,52.233.21.175,20.175.230.31,20.175.230.70,20.175.230.87,20.175.230.107,20.175.230.254,20.175.231.12,20.175.139.87,20.175.140.7,20.175.141.20,20.175.143.147,20.175.143.188,20.175.143.207,20.116.42.1,52.228.42.76",
            "public_network_access_enabled": true,
            "resource_group_name": "hdfc-resource-group",
            "service_plan_id": "/subscriptions/134f5448-f369-4616-964a-f4e97549ea6d/resourceGroups/hdfc-resource-group/providers/Microsoft.Web/serverFarms/hdfc-app-service-plan",
            "site_config": [
              {
                "always_on": true,
                "api_definition_url": "",
                "api_management_api_id": "",
                "app_command_line": "",
                "application_stack": [
                  {
                    "current_stack": "dotnet",
                    "docker_image_name": "",
                    "docker_registry_password": "",
                    "docker_registry_url": "",
                    "docker_registry_username": "",
                    "dotnet_core_version": "",
                    "dotnet_version": "v10.0",
                    "java_container": "",
                    "java_container_version": "",
                    "java_embedded_server_enabled": false,
                    "java_version": "",
                    "node_version": "",
                    "php_version": "5.6",
                    "python": false,
                    "tomcat_version": ""
                  }
                ],
                "auto_heal_setting": [],
                "container_registry_managed_identity_client_id": "",
                "container_registry_use_managed_identity": false,
                "cors": [],
                "default_documents": [
                  "Default.htm",
                  "Default.html",
                  "Default.asp",
                  "index.htm",
                  "index.html",
                  "iisstart.htm",
                  "default.aspx",
                  "index.php",
                  "hostingstart.html"
                ],
                "detailed_error_logging_enabled": false,
                "ftps_state": "Disabled",
                "handler_mapping": [],
                "health_check_eviction_time_in_min": 0,
                "health_check_path": "",
                "http2_enabled": false,
                "ip_restriction": [],
                "ip_restriction_default_action": "Allow",
                "linux_fx_version": "",
                "load_balancing_mode": "LeastRequests",
                "local_mysql_enabled": false,
                "managed_pipeline_mode": "Integrated",
                "minimum_tls_cipher_suite": "",
                "minimum_tls_version": "1.2",
                "remote_debugging_enabled": false,
                "remote_debugging_version": "VS2022",
                "scm_ip_restriction": [],
                "scm_ip_restriction_default_action": "Allow",
                "scm_minimum_tls_version": "1.2",
                "scm_type": "None",
                "scm_use_main_ip_restriction": false,
                "use_32_bit_worker": true,
                "virtual_application": [],
                "vnet_route_all_enabled": false,
                "websockets_enabled": false,
                "windows_fx_version": "",
                "worker_count": 1
              }
            ],
            "site_credential": [
              {
                "name": "$hdfc-web-app2002",
                "password": "bjw6aDAsjtbJXcWyy1NFkjzWTAlg5nvCdEmdsbnwftG6uLhHAtsEN0BfJvD0"
              }
            ],
            "sticky_settings": [],
            "storage_account": [],
            "tags": null,
            "timeouts": null,
            "virtual_network_backup_restore_enabled": false,
            "virtual_network_image_pull_enabled": false,
            "virtual_network_subnet_id": "",
            "webdeploy_publish_basic_authentication_enabled": true,
            "zip_deploy_file": ""
          },
          "sensitive_attributes": [
            [
              {
                "type": "get_attr",
                "value": "custom_domain_verification_id"
              }
            ],
            [
              {
                "type": "get_attr",
                "value": "site_config"
              },
              {
                "type": "index",
                "value": {
                  "value": 0,
                  "type": "number"
                }
              },
              {
                "type": "get_attr",
                "value": "application_stack"
              },
              {
                "type": "index",
                "value": {
                  "value": 0,
                  "type": "number"
                }
              },
              {
                "type": "get_attr",
                "value": "docker_registry_password"
              }
            ],
            [
              {
                "type": "get_attr",
                "value": "site_credential"
              }
            ]
          ],
          "identity_schema_version": 0,
          "private": "eyJlMmJmYjczMC1lY2FhLTExZTYtOGY4OC0zNDM2M2JjN2M0YzAiOnsiY3JlYXRlIjoxODAwMDAwMDAwMDAwLCJkZWxldGUiOjE4MDAwMDAwMDAwMDAsInJlYWQiOjMwMDAwMDAwMDAwMCwidXBkYXRlIjoxODAwMDAwMDAwMDAwfSwic2NoZW1hX3ZlcnNpb24iOiIxIn0=",
          "dependencies": [
            "azurerm_resource_group.rg",
            "azurerm_service_plan.app_service"
          ]
        }
      ]
    }
  ],
  "check_results": null
}
