{
  "version": 4,
  "terraform_version": "1.15.5",
  "serial": 1,
  "lineage": "73b87ae6-c7ed-c955-1be8-30c0dba3e91e",
  "outputs": {
    "web_app_name": {
      "value": null,
      "type": "string"
    },
    "webapp_default_hostname": {
      "value": null,
      "type": "string"
    }
  },
  "resources": [
    {
      "mode": "managed",
      "type": "azurerm_resource_group",
      "name": "rg",
      "provider": "provider[\"registry.terraform.io/hashicorp/azurerm\"]",
      "instances": [
        {
          "schema_version": 0,
          "attributes": {
            "id": "/subscriptions/134f5448-f369-4616-964a-f4e97549ea6d/resourceGroups/hdfc-resource-group",
            "location": "canadacentral",
            "managed_by": "",
            "name": "hdfc-resource-group",
            "tags": {},
            "timeouts": null
          },
          "sensitive_attributes": [],
          "identity_schema_version": 0,
          "identity": {
            "name": "hdfc-resource-group",
            "subscription_id": "134f5448-f369-4616-964a-f4e97549ea6d"
          },
          "private": "eyJlMmJmYjczMC1lY2FhLTExZTYtOGY4OC0zNDM2M2JjN2M0YzAiOnsiY3JlYXRlIjo1NDAwMDAwMDAwMDAwLCJkZWxldGUiOjU0MDAwMDAwMDAwMDAsInJlYWQiOjMwMDAwMDAwMDAwMCwidXBkYXRlIjo1NDAwMDAwMDAwMDAwfSwic2NoZW1hX3ZlcnNpb24iOiIwIn0="
        }
      ]
    }
  ],
  "check_results": null
}
